
Microsoft Visual Studio Solution File, Format Version 12.00
# Visual Studio Version 17
VisualStudioVersion = 17.5.002.0
MinimumVisualStudioVersion = 10.0.40219.1
Project("{9A19103F-16F7-4668-BE54-9A1E7A4F7556}") = "WebApi", "WebApi\WebApi.csproj", "{32B64DD3-0DBA-4D09-9640-755CD20A490D}"
EndProject
Project("{FAE04EC0-301F-11D3-BF4B-00C04F79EFBC}") = "Domain", "Domain\Domain.csproj", "{319A693F-11A5-422A-8880-D9E80392F5B8}"
EndProject
Project("{FAE04EC0-301F-11D3-BF4B-00C04F79EFBC}") = "Infrastructore", "Infrastructore\Infrastructore.csproj", "{14D8D686-907E-4B42-ABD5-19E223585E26}"
EndProject
Global
	GlobalSection(SolutionConfigurationPlatforms) = preSolution
		Debug|Any CPU = Debug|Any CPU
		Release|Any CPU = Release|Any CPU
	EndGlobalSection
	GlobalSection(ProjectConfigurationPlatforms) = postSolution
		{32B64DD3-0DBA-4D09-9640-755CD20A490D}.Debug|Any CPU.ActiveCfg = Debug|Any CPU
		{32B64DD3-0DBA-4D09-9640-755CD20A490D}.Debug|Any CPU.Build.0 = Debug|Any CPU
		{32B64DD3-0DBA-4D09-9640-755CD20A490D}.Release|Any CPU.ActiveCfg = Release|Any CPU
		{32B64DD3-0DBA-4D09-9640-755CD20A490D}.Release|Any CPU.Build.0 = Release|Any CPU
		{319A693F-11A5-422A-8880-D9E80392F5B8}.Debug|Any CPU.ActiveCfg = Debug|Any CPU
		{319A693F-11A5-422A-8880-D9E80392F5B8}.Debug|Any CPU.Build.0 = Debug|Any CPU
		{319A693F-11A5-422A-8880-D9E80392F5B8}.Release|Any CPU.ActiveCfg = Release|Any CPU
		{319A693F-11A5-422A-8880-D9E80392F5B8}.Release|Any CPU.Build.0 = Release|Any CPU
		{14D8D686-907E-4B42-ABD5-19E223585E26}.Debug|Any CPU.ActiveCfg = Debug|Any CPU
		{14D8D686-907E-4B42-ABD5-19E223585E26}.Debug|Any CPU.Build.0 = Debug|Any CPU
		{14D8D686-907E-4B42-ABD5-19E223585E26}.Release|Any CPU.ActiveCfg = Release|Any CPU
		{14D8D686-907E-4B42-ABD5-19E223585E26}.Release|Any CPU.Build.0 = Release|Any CPU
	EndGlobalSection
	GlobalSection(SolutionProperties) = preSolution
		HideSolutionNode = FALSE
	EndGlobalSection
	GlobalSection(ExtensibilityGlobals) = postSolution
		SolutionGuid = {12FD02E1-457D-456F-9BB3-B91F8B2FAF33}
	EndGlobalSection
EndGlobal
